
Microsoft Visual Studio Solution File, Format Version 12.00
# Visual Studio Version 17
VisualStudioVersion = 17.10.35013.160
MinimumVisualStudioVersion = 10.0.40219.1
Project("{2150E333-8FDC-42A3-9474-1A3956D46DE8}") = "src", "src", "{87A252C3-E6EE-499D-96C2-86DEF7896DCD}"
EndProject
Project("{2150E333-8FDC-42A3-9474-1A3956D46DE8}") = "BuildingBlocks", "BuildingBlocks", "{A219F27B-DF2F-4748-AE32-1EDC7A73D771}"
EndProject
Project("{2150E333-8FDC-42A3-9474-1A3956D46DE8}") = "Services", "Services", "{BD4D4678-20C1-4046-8EA5-D76F362DB2E5}"
EndProject
Project("{9A19103F-16F7-4668-BE54-9A1E7A4F7556}") = "Shared", "src\BuildingBlocks\Shared\Shared.csproj", "{61ABB600-A624-4AF9-BFD8-AEFFECDDE0BA}"
EndProject
Project("{9A19103F-16F7-4668-BE54-9A1E7A4F7556}") = "Common.Logging", "src\BuildingBlocks\Common.Logging\Common.Logging.csproj", "{4D6891E8-F9F4-46EC-82AE-277F53F9CBDD}"
EndProject
Project("{9A19103F-16F7-4668-BE54-9A1E7A4F7556}") = "E_commerceWebsite.Application", "src\Services\E_commerceWebsite.Application\E_commerceWebsite.Application.csproj", "{1B3154E7-C9C4-4F48-827E-107BE15AB4B2}"
EndProject
Project("{9A19103F-16F7-4668-BE54-9A1E7A4F7556}") = "E_commerceWebsite.Domain", "src\Services\E_commerceWebsite.Domain\E_commerceWebsite.Domain.csproj", "{9A0DB05D-5EB0-4CCC-9BB0-FF4F82D8B15A}"
EndProject
Project("{9A19103F-16F7-4668-BE54-9A1E7A4F7556}") = "E_commerceWebsite.Infrastructure", "src\Services\E_commerceWebsite.Infrastructure\E_commerceWebsite.Infrastructure.csproj", "{C10007C6-5063-4E71-9B1F-D81B8DD64D7F}"
EndProject
Project("{9A19103F-16F7-4668-BE54-9A1E7A4F7556}") = "E_commerceWebsite.API", "src\Services\E_commerceWebsite.API\E_commerceWebsite.API.csproj", "{3D3085BD-16C4-4C07-935D-C05F91121AEB}"
EndProject
Global
	GlobalSection(SolutionConfigurationPlatforms) = preSolution
		Debug|Any CPU = Debug|Any CPU
		Release|Any CPU = Release|Any CPU
	EndGlobalSection
	GlobalSection(ProjectConfigurationPlatforms) = postSolution
		{61ABB600-A624-4AF9-BFD8-AEFFECDDE0BA}.Debug|Any CPU.ActiveCfg = Debug|Any CPU
		{61ABB600-A624-4AF9-BFD8-AEFFECDDE0BA}.Debug|Any CPU.Build.0 = Debug|Any CPU
		{61ABB600-A624-4AF9-BFD8-AEFFECDDE0BA}.Release|Any CPU.ActiveCfg = Release|Any CPU
		{61ABB600-A624-4AF9-BFD8-AEFFECDDE0BA}.Release|Any CPU.Build.0 = Release|Any CPU
		{4D6891E8-F9F4-46EC-82AE-277F53F9CBDD}.Debug|Any CPU.ActiveCfg = Debug|Any CPU
		{4D6891E8-F9F4-46EC-82AE-277F53F9CBDD}.Debug|Any CPU.Build.0 = Debug|Any CPU
		{4D6891E8-F9F4-46EC-82AE-277F53F9CBDD}.Release|Any CPU.ActiveCfg = Release|Any CPU
		{4D6891E8-F9F4-46EC-82AE-277F53F9CBDD}.Release|Any CPU.Build.0 = Release|Any CPU
		{1B3154E7-C9C4-4F48-827E-107BE15AB4B2}.Debug|Any CPU.ActiveCfg = Debug|Any CPU
		{1B3154E7-C9C4-4F48-827E-107BE15AB4B2}.Debug|Any CPU.Build.0 = Debug|Any CPU
		{1B3154E7-C9C4-4F48-827E-107BE15AB4B2}.Release|Any CPU.ActiveCfg = Release|Any CPU
		{1B3154E7-C9C4-4F48-827E-107BE15AB4B2}.Release|Any CPU.Build.0 = Release|Any CPU
		{9A0DB05D-5EB0-4CCC-9BB0-FF4F82D8B15A}.Debug|Any CPU.ActiveCfg = Debug|Any CPU
		{9A0DB05D-5EB0-4CCC-9BB0-FF4F82D8B15A}.Debug|Any CPU.Build.0 = Debug|Any CPU
		{9A0DB05D-5EB0-4CCC-9BB0-FF4F82D8B15A}.Release|Any CPU.ActiveCfg = Release|Any CPU
		{9A0DB05D-5EB0-4CCC-9BB0-FF4F82D8B15A}.Release|Any CPU.Build.0 = Release|Any CPU
		{C10007C6-5063-4E71-9B1F-D81B8DD64D7F}.Debug|Any CPU.ActiveCfg = Debug|Any CPU
		{C10007C6-5063-4E71-9B1F-D81B8DD64D7F}.Debug|Any CPU.Build.0 = Debug|Any CPU
		{C10007C6-5063-4E71-9B1F-D81B8DD64D7F}.Release|Any CPU.ActiveCfg = Release|Any CPU
		{C10007C6-5063-4E71-9B1F-D81B8DD64D7F}.Release|Any CPU.Build.0 = Release|Any CPU
		{3D3085BD-16C4-4C07-935D-C05F91121AEB}.Debug|Any CPU.ActiveCfg = Debug|Any CPU
		{3D3085BD-16C4-4C07-935D-C05F91121AEB}.Debug|Any CPU.Build.0 = Debug|Any CPU
		{3D3085BD-16C4-4C07-935D-C05F91121AEB}.Release|Any CPU.ActiveCfg = Release|Any CPU
		{3D3085BD-16C4-4C07-935D-C05F91121AEB}.Release|Any CPU.Build.0 = Release|Any CPU
	EndGlobalSection
	GlobalSection(SolutionProperties) = preSolution
		HideSolutionNode = FALSE
	EndGlobalSection
	GlobalSection(NestedProjects) = preSolution
		{A219F27B-DF2F-4748-AE32-1EDC7A73D771} = {87A252C3-E6EE-499D-96C2-86DEF7896DCD}
		{BD4D4678-20C1-4046-8EA5-D76F362DB2E5} = {87A252C3-E6EE-499D-96C2-86DEF7896DCD}
		{61ABB600-A624-4AF9-BFD8-AEFFECDDE0BA} = {A219F27B-DF2F-4748-AE32-1EDC7A73D771}
		{4D6891E8-F9F4-46EC-82AE-277F53F9CBDD} = {A219F27B-DF2F-4748-AE32-1EDC7A73D771}
		{1B3154E7-C9C4-4F48-827E-107BE15AB4B2} = {BD4D4678-20C1-4046-8EA5-D76F362DB2E5}
		{9A0DB05D-5EB0-4CCC-9BB0-FF4F82D8B15A} = {BD4D4678-20C1-4046-8EA5-D76F362DB2E5}
		{C10007C6-5063-4E71-9B1F-D81B8DD64D7F} = {BD4D4678-20C1-4046-8EA5-D76F362DB2E5}
		{3D3085BD-16C4-4C07-935D-C05F91121AEB} = {BD4D4678-20C1-4046-8EA5-D76F362DB2E5}
	EndGlobalSection
	GlobalSection(ExtensibilityGlobals) = postSolution
		SolutionGuid = {EBA54DFC-348A-4E9D-9C19-5606ECBDB256}
	EndGlobalSection
EndGlobal
